
Microsoft Visual Studio Solution File, Format Version 12.00
# Visual Studio Version 17
VisualStudioVersion = 17.11.35327.3
MinimumVisualStudioVersion = 10.0.40219.1
Project("{FAE04EC0-301F-11D3-BF4B-00C04F79EFBC}") = "MagnetAPPv1", "MagnetAPP\MagnetAPPv1.csproj", "{CA8D5586-7730-4087-8230-C4367BA30DCF}"
EndProject
Global
	GlobalSection(SolutionConfigurationPlatforms) = preSolution
		Debug|Any CPU = Debug|Any CPU
		Release|Any CPU = Release|Any CPU
	EndGlobalSection
	GlobalSection(ProjectConfigurationPlatforms) = postSolution
		{CA8D5586-7730-4087-8230-C4367BA30DCF}.Debug|Any CPU.ActiveCfg = Debug|Any CPU
		{CA8D5586-7730-4087-8230-C4367BA30DCF}.Debug|Any CPU.Build.0 = Debug|Any CPU
		{CA8D5586-7730-4087-8230-C4367BA30DCF}.Release|Any CPU.ActiveCfg = Release|Any CPU
		{CA8D5586-7730-4087-8230-C4367BA30DCF}.Release|Any CPU.Build.0 = Release|Any CPU
	EndGlobalSection
	GlobalSection(SolutionProperties) = preSolution
		HideSolutionNode = FALSE
	EndGlobalSection
	GlobalSection(ExtensibilityGlobals) = postSolution
		SolutionGuid = {208AE988-B03E-4CFF-8A2A-5169B7A5A1CF}
	EndGlobalSection
EndGlobal
